
Microsoft Visual Studio Solution File, Format Version 12.00
# Visual Studio Version 17
VisualStudioVersion = 17.6.33417.168
MinimumVisualStudioVersion = 10.0.40219.1
Project("{FAE04EC0-301F-11D3-BF4B-00C04F79EFBC}") = "PDF-to-Image", "PDF-to-Image\PDF-to-Image.csproj", "{8ED0023A-88F1-4199-8EF8-74A74495736B}"
EndProject
Global
	GlobalSection(SolutionConfigurationPlatforms) = preSolution
		Debug|Any CPU = Debug|Any CPU
		Release|Any CPU = Release|Any CPU
	EndGlobalSection
	GlobalSection(ProjectConfigurationPlatforms) = postSolution
		{8ED0023A-88F1-4199-8EF8-74A74495736B}.Debug|Any CPU.ActiveCfg = Debug|Any CPU
		{8ED0023A-88F1-4199-8EF8-74A74495736B}.Debug|Any CPU.Build.0 = Debug|Any CPU
		{8ED0023A-88F1-4199-8EF8-74A74495736B}.Release|Any CPU.ActiveCfg = Release|Any CPU
		{8ED0023A-88F1-4199-8EF8-74A74495736B}.Release|Any CPU.Build.0 = Release|Any CPU
	EndGlobalSection
	GlobalSection(SolutionProperties) = preSolution
		HideSolutionNode = FALSE
	EndGlobalSection
	GlobalSection(ExtensibilityGlobals) = postSolution
		SolutionGuid = {8D070470-8E18-442C-9A37-3EB8E8E16E58}
	EndGlobalSection
EndGlobal
